# THIS IS AN AUTOGENERATED FILE. DO NOT EDIT THIS FILE DIRECTLY.
# yarn lockfile v1


react-thunk@^1.0.0:
  version "1.0.0"
  resolved "https://registry.yarnpkg.com/react-thunk/-/react-thunk-1.0.0.tgz#79813d47f31147e81aee841ed5e76a9e3eabc8b1"
  integrity sha1-eYE9R/MRR+ga7oQe1edqnj6ryLE=

url-query-handle@^1.0.9:
  version "1.0.9"
  resolved "https://registry.yarnpkg.com/url-query-handle/-/url-query-handle-1.0.9.tgz#6093ca480411574ac6c0857b0e78b10ccda9d344"
  integrity sha1-YJPKSAQRV0rGwIV7DnixDM2p00Q=
